
Microsoft Visual Studio Solution File, Format Version 12.00
# Visual Studio 14
VisualStudioVersion = 14.0.23107.0
MinimumVisualStudioVersion = 10.0.40219.1
Project("{FAE04EC0-301F-11D3-BF4B-00C04F79EFBC}") = "MaxSequenceOfEqualElements", "MaxSequenceOfEqualElements\MaxSequenceOfEqualElements.csproj", "{ED4A2138-AD8B-4C41-9C1E-6B108FBC3B8B}"
EndProject
Project("{FAE04EC0-301F-11D3-BF4B-00C04F79EFBC}") = "SumReversedNumbers", "SumReversedNumbers\SumReversedNumbers.csproj", "{BA3ECD5A-8E2B-421F-A4D8-C53926BD9F79}"
EndProject
Project("{FAE04EC0-301F-11D3-BF4B-00C04F79EFBC}") = "BombNumbers", "BombNumbers\BombNumbers.csproj", "{209296C7-A5DB-49E1-ABBD-C5EC06CD500F}"
EndProject
Global
	GlobalSection(SolutionConfigurationPlatforms) = preSolution
		Debug|Any CPU = Debug|Any CPU
		Release|Any CPU = Release|Any CPU
	EndGlobalSection
	GlobalSection(ProjectConfigurationPlatforms) = postSolution
		{ED4A2138-AD8B-4C41-9C1E-6B108FBC3B8B}.Debug|Any CPU.ActiveCfg = Debug|Any CPU
		{ED4A2138-AD8B-4C41-9C1E-6B108FBC3B8B}.Debug|Any CPU.Build.0 = Debug|Any CPU
		{ED4A2138-AD8B-4C41-9C1E-6B108FBC3B8B}.Release|Any CPU.ActiveCfg = Release|Any CPU
		{ED4A2138-AD8B-4C41-9C1E-6B108FBC3B8B}.Release|Any CPU.Build.0 = Release|Any CPU
		{BA3ECD5A-8E2B-421F-A4D8-C53926BD9F79}.Debug|Any CPU.ActiveCfg = Debug|Any CPU
		{BA3ECD5A-8E2B-421F-A4D8-C53926BD9F79}.Debug|Any CPU.Build.0 = Debug|Any CPU
		{BA3ECD5A-8E2B-421F-A4D8-C53926BD9F79}.Release|Any CPU.ActiveCfg = Release|Any CPU
		{BA3ECD5A-8E2B-421F-A4D8-C53926BD9F79}.Release|Any CPU.Build.0 = Release|Any CPU
		{209296C7-A5DB-49E1-ABBD-C5EC06CD500F}.Debug|Any CPU.ActiveCfg = Debug|Any CPU
		{209296C7-A5DB-49E1-ABBD-C5EC06CD500F}.Debug|Any CPU.Build.0 = Debug|Any CPU
		{209296C7-A5DB-49E1-ABBD-C5EC06CD500F}.Release|Any CPU.ActiveCfg = Release|Any CPU
		{209296C7-A5DB-49E1-ABBD-C5EC06CD500F}.Release|Any CPU.Build.0 = Release|Any CPU
	EndGlobalSection
	GlobalSection(SolutionProperties) = preSolution
		HideSolutionNode = FALSE
	EndGlobalSection
EndGlobal
