
Microsoft Visual Studio Solution File, Format Version 12.00
# Visual Studio 15
VisualStudioVersion = 15.0.27004.2002
MinimumVisualStudioVersion = 10.0.40219.1
Project("{9A19103F-16F7-4668-BE54-9A1E7A4F7556}") = "RecursiveArraySum", "RecursiveArraySum\RecursiveArraySum.csproj", "{4BDC76D7-F0E4-4A39-9803-D86D2D38A92C}"
EndProject
Project("{9A19103F-16F7-4668-BE54-9A1E7A4F7556}") = "RecursiveFactorial", "RecursiveFactorial\RecursiveFactorial.csproj", "{AA200601-3681-4690-B3A6-945243F03BE6}"
EndProject
Project("{9A19103F-16F7-4668-BE54-9A1E7A4F7556}") = "RecursiveDrawing", "RecursiveDrawing\RecursiveDrawing.csproj", "{25CC05D7-14A3-4E8B-860D-53B1AAB4C2EC}"
EndProject
Project("{9A19103F-16F7-4668-BE54-9A1E7A4F7556}") = "GenerateAll2BitVectors", "GenerateAll2BitVectors\GenerateAll2BitVectors.csproj", "{535A83C0-95B3-42E6-A129-975E7A3B7287}"
EndProject
Project("{9A19103F-16F7-4668-BE54-9A1E7A4F7556}") = "GeneratingCombinations", "GeneratingCombinations\GeneratingCombinations.csproj", "{8222FABC-E6FA-4BB3-A6AF-FF6495417B4A}"
EndProject
Project("{9A19103F-16F7-4668-BE54-9A1E7A4F7556}") = "8QueensPuzzle", "8QueensPuzzle\8QueensPuzzle.csproj", "{90E80DF3-7A13-4447-AB2A-DD43D66D886D}"
EndProject
Project("{FAE04EC0-301F-11D3-BF4B-00C04F79EFBC}") = "FindPathsInLabyrinth", "FindPathsInLabyrinth\FindPathsInLabyrinth.csproj", "{369D228D-1C18-4228-BB94-9B321C3AB93C}"
EndProject
Global
	GlobalSection(SolutionConfigurationPlatforms) = preSolution
		Debug|Any CPU = Debug|Any CPU
		Release|Any CPU = Release|Any CPU
	EndGlobalSection
	GlobalSection(ProjectConfigurationPlatforms) = postSolution
		{4BDC76D7-F0E4-4A39-9803-D86D2D38A92C}.Debug|Any CPU.ActiveCfg = Debug|Any CPU
		{4BDC76D7-F0E4-4A39-9803-D86D2D38A92C}.Debug|Any CPU.Build.0 = Debug|Any CPU
		{4BDC76D7-F0E4-4A39-9803-D86D2D38A92C}.Release|Any CPU.ActiveCfg = Release|Any CPU
		{4BDC76D7-F0E4-4A39-9803-D86D2D38A92C}.Release|Any CPU.Build.0 = Release|Any CPU
		{AA200601-3681-4690-B3A6-945243F03BE6}.Debug|Any CPU.ActiveCfg = Debug|Any CPU
		{AA200601-3681-4690-B3A6-945243F03BE6}.Debug|Any CPU.Build.0 = Debug|Any CPU
		{AA200601-3681-4690-B3A6-945243F03BE6}.Release|Any CPU.ActiveCfg = Release|Any CPU
		{AA200601-3681-4690-B3A6-945243F03BE6}.Release|Any CPU.Build.0 = Release|Any CPU
		{25CC05D7-14A3-4E8B-860D-53B1AAB4C2EC}.Debug|Any CPU.ActiveCfg = Debug|Any CPU
		{25CC05D7-14A3-4E8B-860D-53B1AAB4C2EC}.Debug|Any CPU.Build.0 = Debug|Any CPU
		{25CC05D7-14A3-4E8B-860D-53B1AAB4C2EC}.Release|Any CPU.ActiveCfg = Release|Any CPU
		{25CC05D7-14A3-4E8B-860D-53B1AAB4C2EC}.Release|Any CPU.Build.0 = Release|Any CPU
		{535A83C0-95B3-42E6-A129-975E7A3B7287}.Debug|Any CPU.ActiveCfg = Debug|Any CPU
		{535A83C0-95B3-42E6-A129-975E7A3B7287}.Debug|Any CPU.Build.0 = Debug|Any CPU
		{535A83C0-95B3-42E6-A129-975E7A3B7287}.Release|Any CPU.ActiveCfg = Release|Any CPU
		{535A83C0-95B3-42E6-A129-975E7A3B7287}.Release|Any CPU.Build.0 = Release|Any CPU
		{8222FABC-E6FA-4BB3-A6AF-FF6495417B4A}.Debug|Any CPU.ActiveCfg = Debug|Any CPU
		{8222FABC-E6FA-4BB3-A6AF-FF6495417B4A}.Debug|Any CPU.Build.0 = Debug|Any CPU
		{8222FABC-E6FA-4BB3-A6AF-FF6495417B4A}.Release|Any CPU.ActiveCfg = Release|Any CPU
		{8222FABC-E6FA-4BB3-A6AF-FF6495417B4A}.Release|Any CPU.Build.0 = Release|Any CPU
		{90E80DF3-7A13-4447-AB2A-DD43D66D886D}.Debug|Any CPU.ActiveCfg = Debug|Any CPU
		{90E80DF3-7A13-4447-AB2A-DD43D66D886D}.Debug|Any CPU.Build.0 = Debug|Any CPU
		{90E80DF3-7A13-4447-AB2A-DD43D66D886D}.Release|Any CPU.ActiveCfg = Release|Any CPU
		{90E80DF3-7A13-4447-AB2A-DD43D66D886D}.Release|Any CPU.Build.0 = Release|Any CPU
		{369D228D-1C18-4228-BB94-9B321C3AB93C}.Debug|Any CPU.ActiveCfg = Debug|Any CPU
		{369D228D-1C18-4228-BB94-9B321C3AB93C}.Debug|Any CPU.Build.0 = Debug|Any CPU
		{369D228D-1C18-4228-BB94-9B321C3AB93C}.Release|Any CPU.ActiveCfg = Release|Any CPU
		{369D228D-1C18-4228-BB94-9B321C3AB93C}.Release|Any CPU.Build.0 = Release|Any CPU
	EndGlobalSection
	GlobalSection(SolutionProperties) = preSolution
		HideSolutionNode = FALSE
	EndGlobalSection
	GlobalSection(ExtensibilityGlobals) = postSolution
		SolutionGuid = {79AFC157-1E05-4236-AD5A-EAA37497268E}
	EndGlobalSection
EndGlobal
