
Microsoft Visual Studio Solution File, Format Version 12.00
# Visual Studio 15
VisualStudioVersion = 15.0.27004.2002
MinimumVisualStudioVersion = 10.0.40219.1
Project("{9A19103F-16F7-4668-BE54-9A1E7A4F7556}") = "MergeSort", "MergeSort\MergeSort.csproj", "{1036FB82-43AE-42FC-A603-EBCDD664B520}"
EndProject
Project("{9A19103F-16F7-4668-BE54-9A1E7A4F7556}") = "InterpolationSearch", "InterpolationSearch\InterpolationSearch.csproj", "{71758F4A-239D-469E-80C8-64E7E6D2AD2A}"
EndProject
Project("{9A19103F-16F7-4668-BE54-9A1E7A4F7556}") = "BinarySearch", "BinarySearch\BinarySearch.csproj", "{CC63EA6C-657C-48F6-89C4-5BCF2EED6E24}"
EndProject
Project("{FAE04EC0-301F-11D3-BF4B-00C04F79EFBC}") = "InversionCount", "InversionCount\InversionCount.csproj", "{4CEFEDBE-4693-4AD5-A477-F43312EF6C99}"
EndProject
Global
	GlobalSection(SolutionConfigurationPlatforms) = preSolution
		Debug|Any CPU = Debug|Any CPU
		Release|Any CPU = Release|Any CPU
	EndGlobalSection
	GlobalSection(ProjectConfigurationPlatforms) = postSolution
		{1036FB82-43AE-42FC-A603-EBCDD664B520}.Debug|Any CPU.ActiveCfg = Debug|Any CPU
		{1036FB82-43AE-42FC-A603-EBCDD664B520}.Debug|Any CPU.Build.0 = Debug|Any CPU
		{1036FB82-43AE-42FC-A603-EBCDD664B520}.Release|Any CPU.ActiveCfg = Release|Any CPU
		{1036FB82-43AE-42FC-A603-EBCDD664B520}.Release|Any CPU.Build.0 = Release|Any CPU
		{71758F4A-239D-469E-80C8-64E7E6D2AD2A}.Debug|Any CPU.ActiveCfg = Debug|Any CPU
		{71758F4A-239D-469E-80C8-64E7E6D2AD2A}.Debug|Any CPU.Build.0 = Debug|Any CPU
		{71758F4A-239D-469E-80C8-64E7E6D2AD2A}.Release|Any CPU.ActiveCfg = Release|Any CPU
		{71758F4A-239D-469E-80C8-64E7E6D2AD2A}.Release|Any CPU.Build.0 = Release|Any CPU
		{CC63EA6C-657C-48F6-89C4-5BCF2EED6E24}.Debug|Any CPU.ActiveCfg = Debug|Any CPU
		{CC63EA6C-657C-48F6-89C4-5BCF2EED6E24}.Debug|Any CPU.Build.0 = Debug|Any CPU
		{CC63EA6C-657C-48F6-89C4-5BCF2EED6E24}.Release|Any CPU.ActiveCfg = Release|Any CPU
		{CC63EA6C-657C-48F6-89C4-5BCF2EED6E24}.Release|Any CPU.Build.0 = Release|Any CPU
		{4CEFEDBE-4693-4AD5-A477-F43312EF6C99}.Debug|Any CPU.ActiveCfg = Debug|Any CPU
		{4CEFEDBE-4693-4AD5-A477-F43312EF6C99}.Debug|Any CPU.Build.0 = Debug|Any CPU
		{4CEFEDBE-4693-4AD5-A477-F43312EF6C99}.Release|Any CPU.ActiveCfg = Release|Any CPU
		{4CEFEDBE-4693-4AD5-A477-F43312EF6C99}.Release|Any CPU.Build.0 = Release|Any CPU
	EndGlobalSection
	GlobalSection(SolutionProperties) = preSolution
		HideSolutionNode = FALSE
	EndGlobalSection
	GlobalSection(ExtensibilityGlobals) = postSolution
		SolutionGuid = {DDCCCAAD-F502-4B6E-9BD0-EB40389328CB}
	EndGlobalSection
EndGlobal
