
Microsoft Visual Studio Solution File, Format Version 12.00
# Visual Studio 15
VisualStudioVersion = 15.0.27004.2002
MinimumVisualStudioVersion = 10.0.40219.1
Project("{FAE04EC0-301F-11D3-BF4B-00C04F79EFBC}") = "MassEffectGalaxyMap", "MassEffectGalaxyMap\MassEffectGalaxyMap.csproj", "{8F8BC3B1-DCAD-4164-8F3C-500EE65FFBC2}"
EndProject
Global
	GlobalSection(SolutionConfigurationPlatforms) = preSolution
		Debug|Any CPU = Debug|Any CPU
		Release|Any CPU = Release|Any CPU
	EndGlobalSection
	GlobalSection(ProjectConfigurationPlatforms) = postSolution
		{8F8BC3B1-DCAD-4164-8F3C-500EE65FFBC2}.Debug|Any CPU.ActiveCfg = Debug|Any CPU
		{8F8BC3B1-DCAD-4164-8F3C-500EE65FFBC2}.Debug|Any CPU.Build.0 = Debug|Any CPU
		{8F8BC3B1-DCAD-4164-8F3C-500EE65FFBC2}.Release|Any CPU.ActiveCfg = Release|Any CPU
		{8F8BC3B1-DCAD-4164-8F3C-500EE65FFBC2}.Release|Any CPU.Build.0 = Release|Any CPU
	EndGlobalSection
	GlobalSection(SolutionProperties) = preSolution
		HideSolutionNode = FALSE
	EndGlobalSection
	GlobalSection(ExtensibilityGlobals) = postSolution
		SolutionGuid = {913D1E61-EB1C-46D2-8853-43784DB3D5F8}
	EndGlobalSection
EndGlobal
