
Microsoft Visual Studio Solution File, Format Version 12.00
# Visual Studio 15
VisualStudioVersion = 15.0.27004.2002
MinimumVisualStudioVersion = 10.0.40219.1
Project("{FAE04EC0-301F-11D3-BF4B-00C04F79EFBC}") = "RootNode", "RootNode\RootNode.csproj", "{AB2BEF6B-8043-4AFB-ADE8-AFAADF7923CB}"
EndProject
Global
	GlobalSection(SolutionConfigurationPlatforms) = preSolution
		Debug|Any CPU = Debug|Any CPU
		Release|Any CPU = Release|Any CPU
	EndGlobalSection
	GlobalSection(ProjectConfigurationPlatforms) = postSolution
		{AB2BEF6B-8043-4AFB-ADE8-AFAADF7923CB}.Debug|Any CPU.ActiveCfg = Debug|Any CPU
		{AB2BEF6B-8043-4AFB-ADE8-AFAADF7923CB}.Debug|Any CPU.Build.0 = Debug|Any CPU
		{AB2BEF6B-8043-4AFB-ADE8-AFAADF7923CB}.Release|Any CPU.ActiveCfg = Release|Any CPU
		{AB2BEF6B-8043-4AFB-ADE8-AFAADF7923CB}.Release|Any CPU.Build.0 = Release|Any CPU
	EndGlobalSection
	GlobalSection(SolutionProperties) = preSolution
		HideSolutionNode = FALSE
	EndGlobalSection
	GlobalSection(ExtensibilityGlobals) = postSolution
		SolutionGuid = {EEF817CA-3AAD-412D-ACF1-1DBD7B994E6C}
	EndGlobalSection
EndGlobal
